
Microsoft Visual Studio Solution File, Format Version 12.00
# Visual Studio 15
VisualStudioVersion = 15.0.28307.572
MinimumVisualStudioVersion = 10.0.40219.1
Project("{FAE04EC0-301F-11D3-BF4B-00C04F79EFBC}") = "RoadMap", "RoadMap\RoadMap.csproj", "{B87253E8-EC93-42C8-B495-D22C45FFB623}"
EndProject
Global
	GlobalSection(SolutionConfigurationPlatforms) = preSolution
		Debug|Any CPU = Debug|Any CPU
		Release|Any CPU = Release|Any CPU
	EndGlobalSection
	GlobalSection(ProjectConfigurationPlatforms) = postSolution
		{B87253E8-EC93-42C8-B495-D22C45FFB623}.Debug|Any CPU.ActiveCfg = Debug|Any CPU
		{B87253E8-EC93-42C8-B495-D22C45FFB623}.Debug|Any CPU.Build.0 = Debug|Any CPU
		{B87253E8-EC93-42C8-B495-D22C45FFB623}.Release|Any CPU.ActiveCfg = Release|Any CPU
		{B87253E8-EC93-42C8-B495-D22C45FFB623}.Release|Any CPU.Build.0 = Release|Any CPU
	EndGlobalSection
	GlobalSection(SolutionProperties) = preSolution
		HideSolutionNode = FALSE
	EndGlobalSection
	GlobalSection(ExtensibilityGlobals) = postSolution
		SolutionGuid = {504A025C-FB9E-47B6-B982-2A2CFD67ADDE}
	EndGlobalSection
EndGlobal
